{
  "requires": true,
  "lockfileVersion": 1,
  "dependencies": {
    "bootstrap": {
      "version": "3.4.1",
      "resolved": "https://registry.npmjs.org/bootstrap/-/bootstrap-3.4.1.tgz",
      "integrity": "sha512-yN5oZVmRCwe5aKwzRj6736nSmKDX7pLYwsXiCj/EYmo16hODaBiT4En5btW/jhBF/seV+XMx3aYwukYC3A49DA=="
    },
    "jquery": {
      "version": "2.2.4",
      "resolved": "https://registry.npmjs.org/jquery/-/jquery-2.2.4.tgz",
      "integrity": "sha1-LInWiJterFIqfuoywUUhVZxsvwI="
    },
    "ngf-bootstrap": {
      "version": "0.0.5",
      "resolved": "https://registry.npmjs.org/ngf-bootstrap/-/ngf-bootstrap-0.0.5.tgz",
      "integrity": "sha1-gq/ucWqw3L4axyGnHsCIhpuxGLI=",
      "requires": {
        "bootstrap": "^3.3.6",
        "jquery": "^2.2.4"
      }
    },
    "tether": {
      "version": "1.4.5",
      "resolved": "https://registry.npmjs.org/tether/-/tether-1.4.5.tgz",
      "integrity": "sha512-fysT1Gug2wbRi7a6waeu39yVDwiNtvwj5m9eRD+qZDSHKNghLo6KqP/U3yM2ap6TNUL2skjXGJaJJTJqoC31vw=="
    },
    "toastr": {
      "version": "2.1.2",
      "resolved": "https://registry.npmjs.org/toastr/-/toastr-2.1.2.tgz",
      "integrity": "sha1-/WkGaudXilszV3JfycfDNem2gd8="
    }
  }
}
